
Microsoft Visual Studio Solution File, Format Version 12.00
# Visual Studio 2013
VisualStudioVersion = 12.0.21005.1
MinimumVisualStudioVersion = 10.0.40219.1
Project("{8BC9CEB8-8B4A-11D0-8D11-00A0C91BC942}") = "glib", "gst_vs.vcxproj\glib.vcxproj", "{4EC89764-8501-41FA-97DC-84566EA831A2}"
	ProjectSection(ProjectDependencies) = postProject
		{55640925-96DC-40C6-952E-C381C07B7AE8} = {55640925-96DC-40C6-952E-C381C07B7AE8}
		{6A1ECA2D-9B28-45CC-A3AD-81399ED1365A} = {6A1ECA2D-9B28-45CC-A3AD-81399ED1365A}
		{DC7F9539-7030-4582-9976-E26840919BFC} = {DC7F9539-7030-4582-9976-E26840919BFC}
		{7CC9D74E-C7CF-4A60-8147-E2314A027F07} = {7CC9D74E-C7CF-4A60-8147-E2314A027F07}
	EndProjectSection
EndProject
Project("{8BC9CEB8-8B4A-11D0-8D11-00A0C91BC942}") = "libintl", "gst_vs.vcxproj\libintl.vcxproj", "{7CC9D74E-C7CF-4A60-8147-E2314A027F07}"
EndProject
Project("{8BC9CEB8-8B4A-11D0-8D11-00A0C91BC942}") = "libsoup", "gst_vs.vcxproj\libsoup.vcxproj", "{D9376B58-246D-42F6-A109-EEEAAEFCD359}"
	ProjectSection(ProjectDependencies) = postProject
		{4E12C248-23D7-45D4-ACF9-3593EF7236BE} = {4E12C248-23D7-45D4-ACF9-3593EF7236BE}
		{4EC89764-8501-41FA-97DC-84566EA831A2} = {4EC89764-8501-41FA-97DC-84566EA831A2}
	EndProjectSection
EndProject
Project("{8BC9CEB8-8B4A-11D0-8D11-00A0C91BC942}") = "gstreamer", "gst_vs.vcxproj\gstreamer.vcxproj", "{ED325D74-9C78-442B-85D9-3EAF2989662A}"
	ProjectSection(ProjectDependencies) = postProject
		{D9376B58-246D-42F6-A109-EEEAAEFCD359} = {D9376B58-246D-42F6-A109-EEEAAEFCD359}
		{4EC89764-8501-41FA-97DC-84566EA831A2} = {4EC89764-8501-41FA-97DC-84566EA831A2}
		{4558D6C7-C03B-4FA8-BF5B-1E40DCD6016D} = {4558D6C7-C03B-4FA8-BF5B-1E40DCD6016D}
		{04BD6AE8-8E61-4F72-B0FA-5B0CD108335D} = {04BD6AE8-8E61-4F72-B0FA-5B0CD108335D}
	EndProjectSection
EndProject
Project("{8BC9CEB8-8B4A-11D0-8D11-00A0C91BC942}") = "zlib", "gst_vs.vcxproj\zlib.vcxproj", "{DC7F9539-7030-4582-9976-E26840919BFC}"
EndProject
Project("{8BC9CEB8-8B4A-11D0-8D11-00A0C91BC942}") = "libffi", "gst_vs.vcxproj\libffi.vcxproj", "{55640925-96DC-40C6-952E-C381C07B7AE8}"
EndProject
Project("{8BC9CEB8-8B4A-11D0-8D11-00A0C91BC942}") = "pcre", "gst_vs.vcxproj\pcre.vcxproj", "{6A1ECA2D-9B28-45CC-A3AD-81399ED1365A}"
EndProject
Project("{2150E333-8FDC-42A3-9474-1A3956D46DE8}") = "glib", "glib", "{CD9B1B2D-6EC6-4796-A583-968643A9E978}"
EndProject
Project("{8BC9CEB8-8B4A-11D0-8D11-00A0C91BC942}") = "gmodule", "gst_vs.vcxproj\gmodule.vcxproj", "{4558D6C7-C03B-4FA8-BF5B-1E40DCD6016D}"
	ProjectSection(ProjectDependencies) = postProject
		{4EC89764-8501-41FA-97DC-84566EA831A2} = {4EC89764-8501-41FA-97DC-84566EA831A2}
	EndProjectSection
EndProject
Project("{8BC9CEB8-8B4A-11D0-8D11-00A0C91BC942}") = "gio", "gst_vs.vcxproj\gio.vcxproj", "{4E12C248-23D7-45D4-ACF9-3593EF7236BE}"
	ProjectSection(ProjectDependencies) = postProject
		{4558D6C7-C03B-4FA8-BF5B-1E40DCD6016D} = {4558D6C7-C03B-4FA8-BF5B-1E40DCD6016D}
		{04BD6AE8-8E61-4F72-B0FA-5B0CD108335D} = {04BD6AE8-8E61-4F72-B0FA-5B0CD108335D}
	EndProjectSection
EndProject
Project("{8BC9CEB8-8B4A-11D0-8D11-00A0C91BC942}") = "gobject", "gst_vs.vcxproj\gobject.vcxproj", "{04BD6AE8-8E61-4F72-B0FA-5B0CD108335D}"
	ProjectSection(ProjectDependencies) = postProject
		{4EC89764-8501-41FA-97DC-84566EA831A2} = {4EC89764-8501-41FA-97DC-84566EA831A2}
	EndProjectSection
EndProject
Project("{8BC9CEB8-8B4A-11D0-8D11-00A0C91BC942}") = "gthread", "gst_vs.vcxproj\gthread.vcxproj", "{54CD7E64-8CA2-4534-8094-0877CB890E99}"
	ProjectSection(ProjectDependencies) = postProject
		{4EC89764-8501-41FA-97DC-84566EA831A2} = {4EC89764-8501-41FA-97DC-84566EA831A2}
	EndProjectSection
EndProject
Project("{2150E333-8FDC-42A3-9474-1A3956D46DE8}") = "gstreamer", "gstreamer", "{B764364B-876E-47D4-A84D-FA1A49C31D81}"
EndProject
Project("{8BC9CEB8-8B4A-11D0-8D11-00A0C91BC942}") = "gst-libav", "gst_vs.vcxproj\gst-libav.vcxproj", "{D6426799-DF02-49E3-88C0-C67BE42C932A}"
EndProject
Project("{2150E333-8FDC-42A3-9474-1A3956D46DE8}") = "sdl", "sdl", "{7A81B1A4-FD44-4EA6-8CBF-B82DAF2AA3AC}"
EndProject
Project("{8BC9CEB8-8B4A-11D0-8D11-00A0C91BC942}") = "SDL", "SDL-1.2.15\VisualC\SDL\SDL.vcxproj", "{81CE8DAF-EBB2-4761-8E45-B71ABCCA8C68}"
EndProject
Project("{8BC9CEB8-8B4A-11D0-8D11-00A0C91BC942}") = "SDLmain", "SDL-1.2.15\VisualC\SDLmain\SDLmain.vcxproj", "{DA956FD3-E142-46F2-9DD5-C78BEBB56B7A}"
EndProject
Project("{2150E333-8FDC-42A3-9474-1A3956D46DE8}") = "gst-plugins-base", "gst-plugins-base", "{B387C0B2-DA63-4421-B1E1-993190E7AD35}"
EndProject
Project("{8BC9CEB8-8B4A-11D0-8D11-00A0C91BC942}") = "libgstadder", "gst-plugins-base-1.2.1\win32\vs8\libgstadder.vcxproj", "{E54E1872-C90A-4FF8-A4F4-27C3F8750D44}"
EndProject
Project("{8BC9CEB8-8B4A-11D0-8D11-00A0C91BC942}") = "libgstaudio", "gst-plugins-base-1.2.1\win32\vs8\libgstaudio.vcxproj", "{BD17F145-422C-4EC0-A756-C7675A5626B2}"
EndProject
Project("{8BC9CEB8-8B4A-11D0-8D11-00A0C91BC942}") = "libgstaudioconvert", "gst-plugins-base-1.2.1\win32\vs8\libgstaudioconvert.vcxproj", "{EA99F8DE-660D-42E9-B14D-08F34FA45AD1}"
EndProject
Project("{8BC9CEB8-8B4A-11D0-8D11-00A0C91BC942}") = "libgstaudiorate", "gst-plugins-base-1.2.1\win32\vs8\libgstaudiorate.vcxproj", "{C51F9363-7DC1-40F7-84D3-C9D4FD67A3CA}"
EndProject
Project("{8BC9CEB8-8B4A-11D0-8D11-00A0C91BC942}") = "libgstaudioresample", "gst-plugins-base-1.2.1\win32\vs8\libgstaudioresample.vcxproj", "{0EE3173E-FCD3-4EC6-A28F-5AE5CE7196AC}"
EndProject
Project("{8BC9CEB8-8B4A-11D0-8D11-00A0C91BC942}") = "libgstaudiotestsrc", "gst-plugins-base-1.2.1\win32\vs8\libgstaudiotestsrc.vcxproj", "{B5CDFF9E-28E0-4915-8C3E-95EDAE2D9DE3}"
EndProject
Project("{8BC9CEB8-8B4A-11D0-8D11-00A0C91BC942}") = "libgstdecodebin", "gst-plugins-base-1.2.1\win32\vs8\libgstdecodebin.vcxproj", "{0969BEF1-77F5-468F-9497-8470FDEC615A}"
EndProject
Project("{8BC9CEB8-8B4A-11D0-8D11-00A0C91BC942}") = "libgstinterfaces", "gst-plugins-base-1.2.1\win32\vs8\libgstinterfaces.vcxproj", "{CF1687EC-9097-4A86-B7FB-C1ECF9E27EA4}"
EndProject
Project("{8BC9CEB8-8B4A-11D0-8D11-00A0C91BC942}") = "libgstogg", "gst-plugins-base-1.2.1\win32\vs8\libgstogg.vcxproj", "{51E1F9C4-091E-43A0-97C1-E1B68700A5AF}"
EndProject
Project("{8BC9CEB8-8B4A-11D0-8D11-00A0C91BC942}") = "libgstplaybin", "gst-plugins-base-1.2.1\win32\vs8\libgstplaybin.vcxproj", "{7B296C12-D728-4CD8-8CF7-B8D7A433F85C}"
EndProject
Project("{8BC9CEB8-8B4A-11D0-8D11-00A0C91BC942}") = "libgstriff", "gst-plugins-base-1.2.1\win32\vs8\libgstriff.vcxproj", "{3D36330F-1F68-44F6-A712-803E819A3DCD}"
EndProject
Project("{8BC9CEB8-8B4A-11D0-8D11-00A0C91BC942}") = "libgstsubparse", "gst-plugins-base-1.2.1\win32\vs8\libgstsubparse.vcxproj", "{C41E324E-03FD-4483-92B1-B50F6E3B6B82}"
EndProject
Project("{8BC9CEB8-8B4A-11D0-8D11-00A0C91BC942}") = "libgsttag", "gst-plugins-base-1.2.1\win32\vs8\libgsttag.vcxproj", "{626AF6BD-0AAB-4019-929A-2DB5CAD0419E}"
EndProject
Project("{8BC9CEB8-8B4A-11D0-8D11-00A0C91BC942}") = "libgsttcp", "gst-plugins-base-1.2.1\win32\vs8\libgsttcp.vcxproj", "{40412A73-43D3-4F1F-9078-DBD76705767D}"
EndProject
Project("{8BC9CEB8-8B4A-11D0-8D11-00A0C91BC942}") = "libgsttheora", "gst-plugins-base-1.2.1\win32\vs8\libgsttheora.vcxproj", "{AB7AD55A-A521-42F2-A953-623E5F059C1A}"
EndProject
Project("{8BC9CEB8-8B4A-11D0-8D11-00A0C91BC942}") = "libgsttypefind", "gst-plugins-base-1.2.1\win32\vs8\libgsttypefind.vcxproj", "{F7558C2A-C1BC-453C-8FDE-84F33DB73915}"
EndProject
Project("{8BC9CEB8-8B4A-11D0-8D11-00A0C91BC942}") = "libgstvideo", "gst-plugins-base-1.2.1\win32\vs8\libgstvideo.vcxproj", "{1975AEE8-05C5-42DE-8A8B-620168F9C1C9}"
EndProject
Project("{8BC9CEB8-8B4A-11D0-8D11-00A0C91BC942}") = "libgstvideorate", "gst-plugins-base-1.2.1\win32\vs8\libgstvideorate.vcxproj", "{84F3B76C-4733-4032-B51E-F8E71022AFE6}"
EndProject
Project("{8BC9CEB8-8B4A-11D0-8D11-00A0C91BC942}") = "libgstvideoscale", "gst-plugins-base-1.2.1\win32\vs8\libgstvideoscale.vcxproj", "{557CB36F-7F92-4B43-973D-05C6BF0A6414}"
EndProject
Project("{8BC9CEB8-8B4A-11D0-8D11-00A0C91BC942}") = "libgstvideotestsrc", "gst-plugins-base-1.2.1\win32\vs8\libgstvideotestsrc.vcxproj", "{7586DFA1-F847-4BEF-9105-724DD9F12C2A}"
EndProject
Project("{8BC9CEB8-8B4A-11D0-8D11-00A0C91BC942}") = "libgstvolume", "gst-plugins-base-1.2.1\win32\vs8\libgstvolume.vcxproj", "{80270384-C551-471F-86C2-D80FE61D9883}"
EndProject
Project("{8BC9CEB8-8B4A-11D0-8D11-00A0C91BC942}") = "libgstvorbis", "gst-plugins-base-1.2.1\win32\vs8\libgstvorbis.vcxproj", "{4F2E05FD-F87C-4325-8C2A-C1EEA21A483F}"
EndProject
Global
	GlobalSection(SolutionConfigurationPlatforms) = preSolution
		Debug|Win32 = Debug|Win32
		Debug|x64 = Debug|x64
		Release|Win32 = Release|Win32
		Release|x64 = Release|x64
	EndGlobalSection
	GlobalSection(ProjectConfigurationPlatforms) = postSolution
		{4EC89764-8501-41FA-97DC-84566EA831A2}.Debug|Win32.ActiveCfg = Debug|Win32
		{4EC89764-8501-41FA-97DC-84566EA831A2}.Debug|Win32.Build.0 = Debug|Win32
		{4EC89764-8501-41FA-97DC-84566EA831A2}.Debug|x64.ActiveCfg = Debug|Win32
		{4EC89764-8501-41FA-97DC-84566EA831A2}.Release|Win32.ActiveCfg = Release|Win32
		{4EC89764-8501-41FA-97DC-84566EA831A2}.Release|Win32.Build.0 = Release|Win32
		{4EC89764-8501-41FA-97DC-84566EA831A2}.Release|x64.ActiveCfg = Release|Win32
		{7CC9D74E-C7CF-4A60-8147-E2314A027F07}.Debug|Win32.ActiveCfg = Debug|Win32
		{7CC9D74E-C7CF-4A60-8147-E2314A027F07}.Debug|Win32.Build.0 = Debug|Win32
		{7CC9D74E-C7CF-4A60-8147-E2314A027F07}.Debug|x64.ActiveCfg = Debug|Win32
		{7CC9D74E-C7CF-4A60-8147-E2314A027F07}.Release|Win32.ActiveCfg = Release|Win32
		{7CC9D74E-C7CF-4A60-8147-E2314A027F07}.Release|Win32.Build.0 = Release|Win32
		{7CC9D74E-C7CF-4A60-8147-E2314A027F07}.Release|x64.ActiveCfg = Release|Win32
		{D9376B58-246D-42F6-A109-EEEAAEFCD359}.Debug|Win32.ActiveCfg = Debug|Win32
		{D9376B58-246D-42F6-A109-EEEAAEFCD359}.Debug|Win32.Build.0 = Debug|Win32
		{D9376B58-246D-42F6-A109-EEEAAEFCD359}.Debug|x64.ActiveCfg = Debug|Win32
		{D9376B58-246D-42F6-A109-EEEAAEFCD359}.Release|Win32.ActiveCfg = Release|Win32
		{D9376B58-246D-42F6-A109-EEEAAEFCD359}.Release|Win32.Build.0 = Release|Win32
		{D9376B58-246D-42F6-A109-EEEAAEFCD359}.Release|x64.ActiveCfg = Release|Win32
		{ED325D74-9C78-442B-85D9-3EAF2989662A}.Debug|Win32.ActiveCfg = Debug|Win32
		{ED325D74-9C78-442B-85D9-3EAF2989662A}.Debug|Win32.Build.0 = Debug|Win32
		{ED325D74-9C78-442B-85D9-3EAF2989662A}.Debug|x64.ActiveCfg = Debug|Win32
		{ED325D74-9C78-442B-85D9-3EAF2989662A}.Release|Win32.ActiveCfg = Release|Win32
		{ED325D74-9C78-442B-85D9-3EAF2989662A}.Release|Win32.Build.0 = Release|Win32
		{ED325D74-9C78-442B-85D9-3EAF2989662A}.Release|x64.ActiveCfg = Release|Win32
		{DC7F9539-7030-4582-9976-E26840919BFC}.Debug|Win32.ActiveCfg = Debug|Win32
		{DC7F9539-7030-4582-9976-E26840919BFC}.Debug|Win32.Build.0 = Debug|Win32
		{DC7F9539-7030-4582-9976-E26840919BFC}.Debug|x64.ActiveCfg = Debug|Win32
		{DC7F9539-7030-4582-9976-E26840919BFC}.Release|Win32.ActiveCfg = Release|Win32
		{DC7F9539-7030-4582-9976-E26840919BFC}.Release|Win32.Build.0 = Release|Win32
		{DC7F9539-7030-4582-9976-E26840919BFC}.Release|x64.ActiveCfg = Release|Win32
		{55640925-96DC-40C6-952E-C381C07B7AE8}.Debug|Win32.ActiveCfg = Debug|Win32
		{55640925-96DC-40C6-952E-C381C07B7AE8}.Debug|Win32.Build.0 = Debug|Win32
		{55640925-96DC-40C6-952E-C381C07B7AE8}.Debug|x64.ActiveCfg = Debug|Win32
		{55640925-96DC-40C6-952E-C381C07B7AE8}.Release|Win32.ActiveCfg = Release|Win32
		{55640925-96DC-40C6-952E-C381C07B7AE8}.Release|Win32.Build.0 = Release|Win32
		{55640925-96DC-40C6-952E-C381C07B7AE8}.Release|x64.ActiveCfg = Release|Win32
		{6A1ECA2D-9B28-45CC-A3AD-81399ED1365A}.Debug|Win32.ActiveCfg = Debug|Win32
		{6A1ECA2D-9B28-45CC-A3AD-81399ED1365A}.Debug|Win32.Build.0 = Debug|Win32
		{6A1ECA2D-9B28-45CC-A3AD-81399ED1365A}.Debug|x64.ActiveCfg = Debug|Win32
		{6A1ECA2D-9B28-45CC-A3AD-81399ED1365A}.Release|Win32.ActiveCfg = Release|Win32
		{6A1ECA2D-9B28-45CC-A3AD-81399ED1365A}.Release|Win32.Build.0 = Release|Win32
		{6A1ECA2D-9B28-45CC-A3AD-81399ED1365A}.Release|x64.ActiveCfg = Release|Win32
		{4558D6C7-C03B-4FA8-BF5B-1E40DCD6016D}.Debug|Win32.ActiveCfg = Debug|Win32
		{4558D6C7-C03B-4FA8-BF5B-1E40DCD6016D}.Debug|Win32.Build.0 = Debug|Win32
		{4558D6C7-C03B-4FA8-BF5B-1E40DCD6016D}.Debug|x64.ActiveCfg = Debug|Win32
		{4558D6C7-C03B-4FA8-BF5B-1E40DCD6016D}.Release|Win32.ActiveCfg = Release|Win32
		{4558D6C7-C03B-4FA8-BF5B-1E40DCD6016D}.Release|Win32.Build.0 = Release|Win32
		{4558D6C7-C03B-4FA8-BF5B-1E40DCD6016D}.Release|x64.ActiveCfg = Release|Win32
		{4E12C248-23D7-45D4-ACF9-3593EF7236BE}.Debug|Win32.ActiveCfg = Debug|Win32
		{4E12C248-23D7-45D4-ACF9-3593EF7236BE}.Debug|Win32.Build.0 = Debug|Win32
		{4E12C248-23D7-45D4-ACF9-3593EF7236BE}.Debug|x64.ActiveCfg = Debug|Win32
		{4E12C248-23D7-45D4-ACF9-3593EF7236BE}.Release|Win32.ActiveCfg = Release|Win32
		{4E12C248-23D7-45D4-ACF9-3593EF7236BE}.Release|Win32.Build.0 = Release|Win32
		{4E12C248-23D7-45D4-ACF9-3593EF7236BE}.Release|x64.ActiveCfg = Release|Win32
		{04BD6AE8-8E61-4F72-B0FA-5B0CD108335D}.Debug|Win32.ActiveCfg = Debug|Win32
		{04BD6AE8-8E61-4F72-B0FA-5B0CD108335D}.Debug|Win32.Build.0 = Debug|Win32
		{04BD6AE8-8E61-4F72-B0FA-5B0CD108335D}.Debug|x64.ActiveCfg = Debug|Win32
		{04BD6AE8-8E61-4F72-B0FA-5B0CD108335D}.Release|Win32.ActiveCfg = Release|Win32
		{04BD6AE8-8E61-4F72-B0FA-5B0CD108335D}.Release|Win32.Build.0 = Release|Win32
		{04BD6AE8-8E61-4F72-B0FA-5B0CD108335D}.Release|x64.ActiveCfg = Release|Win32
		{54CD7E64-8CA2-4534-8094-0877CB890E99}.Debug|Win32.ActiveCfg = Debug|Win32
		{54CD7E64-8CA2-4534-8094-0877CB890E99}.Debug|Win32.Build.0 = Debug|Win32
		{54CD7E64-8CA2-4534-8094-0877CB890E99}.Debug|x64.ActiveCfg = Debug|Win32
		{54CD7E64-8CA2-4534-8094-0877CB890E99}.Release|Win32.ActiveCfg = Release|Win32
		{54CD7E64-8CA2-4534-8094-0877CB890E99}.Release|Win32.Build.0 = Release|Win32
		{54CD7E64-8CA2-4534-8094-0877CB890E99}.Release|x64.ActiveCfg = Release|Win32
		{D6426799-DF02-49E3-88C0-C67BE42C932A}.Debug|Win32.ActiveCfg = Debug|Win32
		{D6426799-DF02-49E3-88C0-C67BE42C932A}.Debug|Win32.Build.0 = Debug|Win32
		{D6426799-DF02-49E3-88C0-C67BE42C932A}.Debug|x64.ActiveCfg = Debug|Win32
		{D6426799-DF02-49E3-88C0-C67BE42C932A}.Release|Win32.ActiveCfg = Release|Win32
		{D6426799-DF02-49E3-88C0-C67BE42C932A}.Release|Win32.Build.0 = Release|Win32
		{D6426799-DF02-49E3-88C0-C67BE42C932A}.Release|x64.ActiveCfg = Release|Win32
		{81CE8DAF-EBB2-4761-8E45-B71ABCCA8C68}.Debug|Win32.ActiveCfg = Debug|Win32
		{81CE8DAF-EBB2-4761-8E45-B71ABCCA8C68}.Debug|Win32.Build.0 = Debug|Win32
		{81CE8DAF-EBB2-4761-8E45-B71ABCCA8C68}.Debug|x64.ActiveCfg = Debug|x64
		{81CE8DAF-EBB2-4761-8E45-B71ABCCA8C68}.Debug|x64.Build.0 = Debug|x64
		{81CE8DAF-EBB2-4761-8E45-B71ABCCA8C68}.Release|Win32.ActiveCfg = Release|Win32
		{81CE8DAF-EBB2-4761-8E45-B71ABCCA8C68}.Release|Win32.Build.0 = Release|Win32
		{81CE8DAF-EBB2-4761-8E45-B71ABCCA8C68}.Release|x64.ActiveCfg = Release|x64
		{81CE8DAF-EBB2-4761-8E45-B71ABCCA8C68}.Release|x64.Build.0 = Release|x64
		{DA956FD3-E142-46F2-9DD5-C78BEBB56B7A}.Debug|Win32.ActiveCfg = Debug|Win32
		{DA956FD3-E142-46F2-9DD5-C78BEBB56B7A}.Debug|Win32.Build.0 = Debug|Win32
		{DA956FD3-E142-46F2-9DD5-C78BEBB56B7A}.Debug|x64.ActiveCfg = Debug|x64
		{DA956FD3-E142-46F2-9DD5-C78BEBB56B7A}.Debug|x64.Build.0 = Debug|x64
		{DA956FD3-E142-46F2-9DD5-C78BEBB56B7A}.Release|Win32.ActiveCfg = Release|Win32
		{DA956FD3-E142-46F2-9DD5-C78BEBB56B7A}.Release|Win32.Build.0 = Release|Win32
		{DA956FD3-E142-46F2-9DD5-C78BEBB56B7A}.Release|x64.ActiveCfg = Release|x64
		{DA956FD3-E142-46F2-9DD5-C78BEBB56B7A}.Release|x64.Build.0 = Release|x64
		{E54E1872-C90A-4FF8-A4F4-27C3F8750D44}.Debug|Win32.ActiveCfg = Debug|Win32
		{E54E1872-C90A-4FF8-A4F4-27C3F8750D44}.Debug|Win32.Build.0 = Debug|Win32
		{E54E1872-C90A-4FF8-A4F4-27C3F8750D44}.Debug|x64.ActiveCfg = Debug|Win32
		{E54E1872-C90A-4FF8-A4F4-27C3F8750D44}.Release|Win32.ActiveCfg = Release|Win32
		{E54E1872-C90A-4FF8-A4F4-27C3F8750D44}.Release|Win32.Build.0 = Release|Win32
		{E54E1872-C90A-4FF8-A4F4-27C3F8750D44}.Release|x64.ActiveCfg = Release|Win32
		{BD17F145-422C-4EC0-A756-C7675A5626B2}.Debug|Win32.ActiveCfg = Debug|Win32
		{BD17F145-422C-4EC0-A756-C7675A5626B2}.Debug|Win32.Build.0 = Debug|Win32
		{BD17F145-422C-4EC0-A756-C7675A5626B2}.Debug|x64.ActiveCfg = Debug|Win32
		{BD17F145-422C-4EC0-A756-C7675A5626B2}.Release|Win32.ActiveCfg = Release|Win32
		{BD17F145-422C-4EC0-A756-C7675A5626B2}.Release|Win32.Build.0 = Release|Win32
		{BD17F145-422C-4EC0-A756-C7675A5626B2}.Release|x64.ActiveCfg = Release|Win32
		{EA99F8DE-660D-42E9-B14D-08F34FA45AD1}.Debug|Win32.ActiveCfg = Debug|Win32
		{EA99F8DE-660D-42E9-B14D-08F34FA45AD1}.Debug|Win32.Build.0 = Debug|Win32
		{EA99F8DE-660D-42E9-B14D-08F34FA45AD1}.Debug|x64.ActiveCfg = Debug|Win32
		{EA99F8DE-660D-42E9-B14D-08F34FA45AD1}.Release|Win32.ActiveCfg = Release|Win32
		{EA99F8DE-660D-42E9-B14D-08F34FA45AD1}.Release|Win32.Build.0 = Release|Win32
		{EA99F8DE-660D-42E9-B14D-08F34FA45AD1}.Release|x64.ActiveCfg = Release|Win32
		{C51F9363-7DC1-40F7-84D3-C9D4FD67A3CA}.Debug|Win32.ActiveCfg = Debug|Win32
		{C51F9363-7DC1-40F7-84D3-C9D4FD67A3CA}.Debug|Win32.Build.0 = Debug|Win32
		{C51F9363-7DC1-40F7-84D3-C9D4FD67A3CA}.Debug|x64.ActiveCfg = Debug|Win32
		{C51F9363-7DC1-40F7-84D3-C9D4FD67A3CA}.Release|Win32.ActiveCfg = Release|Win32
		{C51F9363-7DC1-40F7-84D3-C9D4FD67A3CA}.Release|Win32.Build.0 = Release|Win32
		{C51F9363-7DC1-40F7-84D3-C9D4FD67A3CA}.Release|x64.ActiveCfg = Release|Win32
		{0EE3173E-FCD3-4EC6-A28F-5AE5CE7196AC}.Debug|Win32.ActiveCfg = Debug|Win32
		{0EE3173E-FCD3-4EC6-A28F-5AE5CE7196AC}.Debug|Win32.Build.0 = Debug|Win32
		{0EE3173E-FCD3-4EC6-A28F-5AE5CE7196AC}.Debug|x64.ActiveCfg = Debug|Win32
		{0EE3173E-FCD3-4EC6-A28F-5AE5CE7196AC}.Release|Win32.ActiveCfg = Release|Win32
		{0EE3173E-FCD3-4EC6-A28F-5AE5CE7196AC}.Release|Win32.Build.0 = Release|Win32
		{0EE3173E-FCD3-4EC6-A28F-5AE5CE7196AC}.Release|x64.ActiveCfg = Release|Win32
		{B5CDFF9E-28E0-4915-8C3E-95EDAE2D9DE3}.Debug|Win32.ActiveCfg = Debug|Win32
		{B5CDFF9E-28E0-4915-8C3E-95EDAE2D9DE3}.Debug|Win32.Build.0 = Debug|Win32
		{B5CDFF9E-28E0-4915-8C3E-95EDAE2D9DE3}.Debug|x64.ActiveCfg = Debug|Win32
		{B5CDFF9E-28E0-4915-8C3E-95EDAE2D9DE3}.Release|Win32.ActiveCfg = Release|Win32
		{B5CDFF9E-28E0-4915-8C3E-95EDAE2D9DE3}.Release|Win32.Build.0 = Release|Win32
		{B5CDFF9E-28E0-4915-8C3E-95EDAE2D9DE3}.Release|x64.ActiveCfg = Release|Win32
		{0969BEF1-77F5-468F-9497-8470FDEC615A}.Debug|Win32.ActiveCfg = Debug|Win32
		{0969BEF1-77F5-468F-9497-8470FDEC615A}.Debug|Win32.Build.0 = Debug|Win32
		{0969BEF1-77F5-468F-9497-8470FDEC615A}.Debug|x64.ActiveCfg = Debug|Win32
		{0969BEF1-77F5-468F-9497-8470FDEC615A}.Release|Win32.ActiveCfg = Release|Win32
		{0969BEF1-77F5-468F-9497-8470FDEC615A}.Release|Win32.Build.0 = Release|Win32
		{0969BEF1-77F5-468F-9497-8470FDEC615A}.Release|x64.ActiveCfg = Release|Win32
		{CF1687EC-9097-4A86-B7FB-C1ECF9E27EA4}.Debug|Win32.ActiveCfg = Debug|Win32
		{CF1687EC-9097-4A86-B7FB-C1ECF9E27EA4}.Debug|Win32.Build.0 = Debug|Win32
		{CF1687EC-9097-4A86-B7FB-C1ECF9E27EA4}.Debug|x64.ActiveCfg = Debug|Win32
		{CF1687EC-9097-4A86-B7FB-C1ECF9E27EA4}.Release|Win32.ActiveCfg = Release|Win32
		{CF1687EC-9097-4A86-B7FB-C1ECF9E27EA4}.Release|Win32.Build.0 = Release|Win32
		{CF1687EC-9097-4A86-B7FB-C1ECF9E27EA4}.Release|x64.ActiveCfg = Release|Win32
		{51E1F9C4-091E-43A0-97C1-E1B68700A5AF}.Debug|Win32.ActiveCfg = Debug|Win32
		{51E1F9C4-091E-43A0-97C1-E1B68700A5AF}.Debug|Win32.Build.0 = Debug|Win32
		{51E1F9C4-091E-43A0-97C1-E1B68700A5AF}.Debug|x64.ActiveCfg = Debug|Win32
		{51E1F9C4-091E-43A0-97C1-E1B68700A5AF}.Release|Win32.ActiveCfg = Release|Win32
		{51E1F9C4-091E-43A0-97C1-E1B68700A5AF}.Release|Win32.Build.0 = Release|Win32
		{51E1F9C4-091E-43A0-97C1-E1B68700A5AF}.Release|x64.ActiveCfg = Release|Win32
		{7B296C12-D728-4CD8-8CF7-B8D7A433F85C}.Debug|Win32.ActiveCfg = Debug|Win32
		{7B296C12-D728-4CD8-8CF7-B8D7A433F85C}.Debug|Win32.Build.0 = Debug|Win32
		{7B296C12-D728-4CD8-8CF7-B8D7A433F85C}.Debug|x64.ActiveCfg = Debug|Win32
		{7B296C12-D728-4CD8-8CF7-B8D7A433F85C}.Release|Win32.ActiveCfg = Release|Win32
		{7B296C12-D728-4CD8-8CF7-B8D7A433F85C}.Release|Win32.Build.0 = Release|Win32
		{7B296C12-D728-4CD8-8CF7-B8D7A433F85C}.Release|x64.ActiveCfg = Release|Win32
		{3D36330F-1F68-44F6-A712-803E819A3DCD}.Debug|Win32.ActiveCfg = Debug|Win32
		{3D36330F-1F68-44F6-A712-803E819A3DCD}.Debug|Win32.Build.0 = Debug|Win32
		{3D36330F-1F68-44F6-A712-803E819A3DCD}.Debug|x64.ActiveCfg = Debug|Win32
		{3D36330F-1F68-44F6-A712-803E819A3DCD}.Release|Win32.ActiveCfg = Release|Win32
		{3D36330F-1F68-44F6-A712-803E819A3DCD}.Release|Win32.Build.0 = Release|Win32
		{3D36330F-1F68-44F6-A712-803E819A3DCD}.Release|x64.ActiveCfg = Release|Win32
		{C41E324E-03FD-4483-92B1-B50F6E3B6B82}.Debug|Win32.ActiveCfg = Debug|Win32
		{C41E324E-03FD-4483-92B1-B50F6E3B6B82}.Debug|Win32.Build.0 = Debug|Win32
		{C41E324E-03FD-4483-92B1-B50F6E3B6B82}.Debug|x64.ActiveCfg = Debug|Win32
		{C41E324E-03FD-4483-92B1-B50F6E3B6B82}.Release|Win32.ActiveCfg = Release|Win32
		{C41E324E-03FD-4483-92B1-B50F6E3B6B82}.Release|Win32.Build.0 = Release|Win32
		{C41E324E-03FD-4483-92B1-B50F6E3B6B82}.Release|x64.ActiveCfg = Release|Win32
		{626AF6BD-0AAB-4019-929A-2DB5CAD0419E}.Debug|Win32.ActiveCfg = Debug|Win32
		{626AF6BD-0AAB-4019-929A-2DB5CAD0419E}.Debug|Win32.Build.0 = Debug|Win32
		{626AF6BD-0AAB-4019-929A-2DB5CAD0419E}.Debug|x64.ActiveCfg = Debug|Win32
		{626AF6BD-0AAB-4019-929A-2DB5CAD0419E}.Release|Win32.ActiveCfg = Release|Win32
		{626AF6BD-0AAB-4019-929A-2DB5CAD0419E}.Release|Win32.Build.0 = Release|Win32
		{626AF6BD-0AAB-4019-929A-2DB5CAD0419E}.Release|x64.ActiveCfg = Release|Win32
		{40412A73-43D3-4F1F-9078-DBD76705767D}.Debug|Win32.ActiveCfg = Debug|Win32
		{40412A73-43D3-4F1F-9078-DBD76705767D}.Debug|Win32.Build.0 = Debug|Win32
		{40412A73-43D3-4F1F-9078-DBD76705767D}.Debug|x64.ActiveCfg = Debug|Win32
		{40412A73-43D3-4F1F-9078-DBD76705767D}.Release|Win32.ActiveCfg = Release|Win32
		{40412A73-43D3-4F1F-9078-DBD76705767D}.Release|Win32.Build.0 = Release|Win32
		{40412A73-43D3-4F1F-9078-DBD76705767D}.Release|x64.ActiveCfg = Release|Win32
		{AB7AD55A-A521-42F2-A953-623E5F059C1A}.Debug|Win32.ActiveCfg = Debug|Win32
		{AB7AD55A-A521-42F2-A953-623E5F059C1A}.Debug|Win32.Build.0 = Debug|Win32
		{AB7AD55A-A521-42F2-A953-623E5F059C1A}.Debug|x64.ActiveCfg = Debug|Win32
		{AB7AD55A-A521-42F2-A953-623E5F059C1A}.Release|Win32.ActiveCfg = Release|Win32
		{AB7AD55A-A521-42F2-A953-623E5F059C1A}.Release|Win32.Build.0 = Release|Win32
		{AB7AD55A-A521-42F2-A953-623E5F059C1A}.Release|x64.ActiveCfg = Release|Win32
		{F7558C2A-C1BC-453C-8FDE-84F33DB73915}.Debug|Win32.ActiveCfg = Debug|Win32
		{F7558C2A-C1BC-453C-8FDE-84F33DB73915}.Debug|Win32.Build.0 = Debug|Win32
		{F7558C2A-C1BC-453C-8FDE-84F33DB73915}.Debug|x64.ActiveCfg = Debug|Win32
		{F7558C2A-C1BC-453C-8FDE-84F33DB73915}.Release|Win32.ActiveCfg = Release|Win32
		{F7558C2A-C1BC-453C-8FDE-84F33DB73915}.Release|Win32.Build.0 = Release|Win32
		{F7558C2A-C1BC-453C-8FDE-84F33DB73915}.Release|x64.ActiveCfg = Release|Win32
		{1975AEE8-05C5-42DE-8A8B-620168F9C1C9}.Debug|Win32.ActiveCfg = Debug|Win32
		{1975AEE8-05C5-42DE-8A8B-620168F9C1C9}.Debug|Win32.Build.0 = Debug|Win32
		{1975AEE8-05C5-42DE-8A8B-620168F9C1C9}.Debug|x64.ActiveCfg = Debug|Win32
		{1975AEE8-05C5-42DE-8A8B-620168F9C1C9}.Release|Win32.ActiveCfg = Release|Win32
		{1975AEE8-05C5-42DE-8A8B-620168F9C1C9}.Release|Win32.Build.0 = Release|Win32
		{1975AEE8-05C5-42DE-8A8B-620168F9C1C9}.Release|x64.ActiveCfg = Release|Win32
		{84F3B76C-4733-4032-B51E-F8E71022AFE6}.Debug|Win32.ActiveCfg = Debug|Win32
		{84F3B76C-4733-4032-B51E-F8E71022AFE6}.Debug|Win32.Build.0 = Debug|Win32
		{84F3B76C-4733-4032-B51E-F8E71022AFE6}.Debug|x64.ActiveCfg = Debug|Win32
		{84F3B76C-4733-4032-B51E-F8E71022AFE6}.Release|Win32.ActiveCfg = Release|Win32
		{84F3B76C-4733-4032-B51E-F8E71022AFE6}.Release|Win32.Build.0 = Release|Win32
		{84F3B76C-4733-4032-B51E-F8E71022AFE6}.Release|x64.ActiveCfg = Release|Win32
		{557CB36F-7F92-4B43-973D-05C6BF0A6414}.Debug|Win32.ActiveCfg = Debug|Win32
		{557CB36F-7F92-4B43-973D-05C6BF0A6414}.Debug|Win32.Build.0 = Debug|Win32
		{557CB36F-7F92-4B43-973D-05C6BF0A6414}.Debug|x64.ActiveCfg = Debug|Win32
		{557CB36F-7F92-4B43-973D-05C6BF0A6414}.Release|Win32.ActiveCfg = Release|Win32
		{557CB36F-7F92-4B43-973D-05C6BF0A6414}.Release|Win32.Build.0 = Release|Win32
		{557CB36F-7F92-4B43-973D-05C6BF0A6414}.Release|x64.ActiveCfg = Release|Win32
		{7586DFA1-F847-4BEF-9105-724DD9F12C2A}.Debug|Win32.ActiveCfg = Debug|Win32
		{7586DFA1-F847-4BEF-9105-724DD9F12C2A}.Debug|Win32.Build.0 = Debug|Win32
		{7586DFA1-F847-4BEF-9105-724DD9F12C2A}.Debug|x64.ActiveCfg = Debug|Win32
		{7586DFA1-F847-4BEF-9105-724DD9F12C2A}.Release|Win32.ActiveCfg = Release|Win32
		{7586DFA1-F847-4BEF-9105-724DD9F12C2A}.Release|Win32.Build.0 = Release|Win32
		{7586DFA1-F847-4BEF-9105-724DD9F12C2A}.Release|x64.ActiveCfg = Release|Win32
		{80270384-C551-471F-86C2-D80FE61D9883}.Debug|Win32.ActiveCfg = Debug|Win32
		{80270384-C551-471F-86C2-D80FE61D9883}.Debug|Win32.Build.0 = Debug|Win32
		{80270384-C551-471F-86C2-D80FE61D9883}.Debug|x64.ActiveCfg = Debug|Win32
		{80270384-C551-471F-86C2-D80FE61D9883}.Release|Win32.ActiveCfg = Release|Win32
		{80270384-C551-471F-86C2-D80FE61D9883}.Release|Win32.Build.0 = Release|Win32
		{80270384-C551-471F-86C2-D80FE61D9883}.Release|x64.ActiveCfg = Release|Win32
		{4F2E05FD-F87C-4325-8C2A-C1EEA21A483F}.Debug|Win32.ActiveCfg = Debug|Win32
		{4F2E05FD-F87C-4325-8C2A-C1EEA21A483F}.Debug|Win32.Build.0 = Debug|Win32
		{4F2E05FD-F87C-4325-8C2A-C1EEA21A483F}.Debug|x64.ActiveCfg = Debug|Win32
		{4F2E05FD-F87C-4325-8C2A-C1EEA21A483F}.Release|Win32.ActiveCfg = Release|Win32
		{4F2E05FD-F87C-4325-8C2A-C1EEA21A483F}.Release|Win32.Build.0 = Release|Win32
		{4F2E05FD-F87C-4325-8C2A-C1EEA21A483F}.Release|x64.ActiveCfg = Release|Win32
	EndGlobalSection
	GlobalSection(SolutionProperties) = preSolution
		HideSolutionNode = FALSE
	EndGlobalSection
	GlobalSection(NestedProjects) = preSolution
		{4EC89764-8501-41FA-97DC-84566EA831A2} = {CD9B1B2D-6EC6-4796-A583-968643A9E978}
		{4558D6C7-C03B-4FA8-BF5B-1E40DCD6016D} = {CD9B1B2D-6EC6-4796-A583-968643A9E978}
		{4E12C248-23D7-45D4-ACF9-3593EF7236BE} = {CD9B1B2D-6EC6-4796-A583-968643A9E978}
		{04BD6AE8-8E61-4F72-B0FA-5B0CD108335D} = {CD9B1B2D-6EC6-4796-A583-968643A9E978}
		{54CD7E64-8CA2-4534-8094-0877CB890E99} = {CD9B1B2D-6EC6-4796-A583-968643A9E978}
		{ED325D74-9C78-442B-85D9-3EAF2989662A} = {B764364B-876E-47D4-A84D-FA1A49C31D81}
		{D6426799-DF02-49E3-88C0-C67BE42C932A} = {B764364B-876E-47D4-A84D-FA1A49C31D81}
		{B387C0B2-DA63-4421-B1E1-993190E7AD35} = {B764364B-876E-47D4-A84D-FA1A49C31D81}
		{81CE8DAF-EBB2-4761-8E45-B71ABCCA8C68} = {7A81B1A4-FD44-4EA6-8CBF-B82DAF2AA3AC}
		{DA956FD3-E142-46F2-9DD5-C78BEBB56B7A} = {7A81B1A4-FD44-4EA6-8CBF-B82DAF2AA3AC}
		{E54E1872-C90A-4FF8-A4F4-27C3F8750D44} = {B387C0B2-DA63-4421-B1E1-993190E7AD35}
		{BD17F145-422C-4EC0-A756-C7675A5626B2} = {B387C0B2-DA63-4421-B1E1-993190E7AD35}
		{EA99F8DE-660D-42E9-B14D-08F34FA45AD1} = {B387C0B2-DA63-4421-B1E1-993190E7AD35}
		{C51F9363-7DC1-40F7-84D3-C9D4FD67A3CA} = {B387C0B2-DA63-4421-B1E1-993190E7AD35}
		{0EE3173E-FCD3-4EC6-A28F-5AE5CE7196AC} = {B387C0B2-DA63-4421-B1E1-993190E7AD35}
		{B5CDFF9E-28E0-4915-8C3E-95EDAE2D9DE3} = {B387C0B2-DA63-4421-B1E1-993190E7AD35}
		{0969BEF1-77F5-468F-9497-8470FDEC615A} = {B387C0B2-DA63-4421-B1E1-993190E7AD35}
		{CF1687EC-9097-4A86-B7FB-C1ECF9E27EA4} = {B387C0B2-DA63-4421-B1E1-993190E7AD35}
		{51E1F9C4-091E-43A0-97C1-E1B68700A5AF} = {B387C0B2-DA63-4421-B1E1-993190E7AD35}
		{7B296C12-D728-4CD8-8CF7-B8D7A433F85C} = {B387C0B2-DA63-4421-B1E1-993190E7AD35}
		{3D36330F-1F68-44F6-A712-803E819A3DCD} = {B387C0B2-DA63-4421-B1E1-993190E7AD35}
		{C41E324E-03FD-4483-92B1-B50F6E3B6B82} = {B387C0B2-DA63-4421-B1E1-993190E7AD35}
		{626AF6BD-0AAB-4019-929A-2DB5CAD0419E} = {B387C0B2-DA63-4421-B1E1-993190E7AD35}
		{40412A73-43D3-4F1F-9078-DBD76705767D} = {B387C0B2-DA63-4421-B1E1-993190E7AD35}
		{AB7AD55A-A521-42F2-A953-623E5F059C1A} = {B387C0B2-DA63-4421-B1E1-993190E7AD35}
		{F7558C2A-C1BC-453C-8FDE-84F33DB73915} = {B387C0B2-DA63-4421-B1E1-993190E7AD35}
		{1975AEE8-05C5-42DE-8A8B-620168F9C1C9} = {B387C0B2-DA63-4421-B1E1-993190E7AD35}
		{84F3B76C-4733-4032-B51E-F8E71022AFE6} = {B387C0B2-DA63-4421-B1E1-993190E7AD35}
		{557CB36F-7F92-4B43-973D-05C6BF0A6414} = {B387C0B2-DA63-4421-B1E1-993190E7AD35}
		{7586DFA1-F847-4BEF-9105-724DD9F12C2A} = {B387C0B2-DA63-4421-B1E1-993190E7AD35}
		{80270384-C551-471F-86C2-D80FE61D9883} = {B387C0B2-DA63-4421-B1E1-993190E7AD35}
		{4F2E05FD-F87C-4325-8C2A-C1EEA21A483F} = {B387C0B2-DA63-4421-B1E1-993190E7AD35}
	EndGlobalSection
EndGlobal
