
Microsoft Visual Studio Solution File, Format Version 12.00
# Visual Studio 2013
VisualStudioVersion = 12.0.21005.1
MinimumVisualStudioVersion = 10.0.40219.1
Project("{8BC9CEB8-8B4A-11D0-8D11-00A0C91BC942}") = "glib", "gst_vs.vcxproj\glib.vcxproj", "{4EC89764-8501-41FA-97DC-84566EA831A2}"
	ProjectSection(ProjectDependencies) = postProject
		{55640925-96DC-40C6-952E-C381C07B7AE8} = {55640925-96DC-40C6-952E-C381C07B7AE8}
		{6A1ECA2D-9B28-45CC-A3AD-81399ED1365A} = {6A1ECA2D-9B28-45CC-A3AD-81399ED1365A}
		{DC7F9539-7030-4582-9976-E26840919BFC} = {DC7F9539-7030-4582-9976-E26840919BFC}
		{7CC9D74E-C7CF-4A60-8147-E2314A027F07} = {7CC9D74E-C7CF-4A60-8147-E2314A027F07}
	EndProjectSection
EndProject
Project("{8BC9CEB8-8B4A-11D0-8D11-00A0C91BC942}") = "libintl", "gst_vs.vcxproj\libintl.vcxproj", "{7CC9D74E-C7CF-4A60-8147-E2314A027F07}"
EndProject
Project("{8BC9CEB8-8B4A-11D0-8D11-00A0C91BC942}") = "libsoup", "gst_vs.vcxproj\libsoup.vcxproj", "{D9376B58-246D-42F6-A109-EEEAAEFCD359}"
	ProjectSection(ProjectDependencies) = postProject
		{4EC89764-8501-41FA-97DC-84566EA831A2} = {4EC89764-8501-41FA-97DC-84566EA831A2}
	EndProjectSection
EndProject
Project("{8BC9CEB8-8B4A-11D0-8D11-00A0C91BC942}") = "gstreamer", "gst_vs.vcxproj\gstreamer.vcxproj", "{ED325D74-9C78-442B-85D9-3EAF2989662A}"
	ProjectSection(ProjectDependencies) = postProject
		{D9376B58-246D-42F6-A109-EEEAAEFCD359} = {D9376B58-246D-42F6-A109-EEEAAEFCD359}
		{4EC89764-8501-41FA-97DC-84566EA831A2} = {4EC89764-8501-41FA-97DC-84566EA831A2}
		{4558D6C7-C03B-4FA8-BF5B-1E40DCD6016D} = {4558D6C7-C03B-4FA8-BF5B-1E40DCD6016D}
		{04BD6AE8-8E61-4F72-B0FA-5B0CD108335D} = {04BD6AE8-8E61-4F72-B0FA-5B0CD108335D}
	EndProjectSection
EndProject
Project("{8BC9CEB8-8B4A-11D0-8D11-00A0C91BC942}") = "zlib", "gst_vs.vcxproj\zlib.vcxproj", "{DC7F9539-7030-4582-9976-E26840919BFC}"
EndProject
Project("{8BC9CEB8-8B4A-11D0-8D11-00A0C91BC942}") = "libffi", "gst_vs.vcxproj\libffi.vcxproj", "{55640925-96DC-40C6-952E-C381C07B7AE8}"
EndProject
Project("{8BC9CEB8-8B4A-11D0-8D11-00A0C91BC942}") = "pcre", "gst_vs.vcxproj\pcre.vcxproj", "{6A1ECA2D-9B28-45CC-A3AD-81399ED1365A}"
EndProject
Project("{2150E333-8FDC-42A3-9474-1A3956D46DE8}") = "glib", "glib", "{CD9B1B2D-6EC6-4796-A583-968643A9E978}"
EndProject
Project("{8BC9CEB8-8B4A-11D0-8D11-00A0C91BC942}") = "gmodule", "gst_vs.vcxproj\gmodule.vcxproj", "{4558D6C7-C03B-4FA8-BF5B-1E40DCD6016D}"
	ProjectSection(ProjectDependencies) = postProject
		{4EC89764-8501-41FA-97DC-84566EA831A2} = {4EC89764-8501-41FA-97DC-84566EA831A2}
	EndProjectSection
EndProject
Project("{8BC9CEB8-8B4A-11D0-8D11-00A0C91BC942}") = "gio", "gst_vs.vcxproj\gio.vcxproj", "{4E12C248-23D7-45D4-ACF9-3593EF7236BE}"
	ProjectSection(ProjectDependencies) = postProject
		{4558D6C7-C03B-4FA8-BF5B-1E40DCD6016D} = {4558D6C7-C03B-4FA8-BF5B-1E40DCD6016D}
		{04BD6AE8-8E61-4F72-B0FA-5B0CD108335D} = {04BD6AE8-8E61-4F72-B0FA-5B0CD108335D}
	EndProjectSection
EndProject
Project("{8BC9CEB8-8B4A-11D0-8D11-00A0C91BC942}") = "gobject", "gst_vs.vcxproj\gobject.vcxproj", "{04BD6AE8-8E61-4F72-B0FA-5B0CD108335D}"
	ProjectSection(ProjectDependencies) = postProject
		{4EC89764-8501-41FA-97DC-84566EA831A2} = {4EC89764-8501-41FA-97DC-84566EA831A2}
	EndProjectSection
EndProject
Project("{8BC9CEB8-8B4A-11D0-8D11-00A0C91BC942}") = "gthread", "gst_vs.vcxproj\gthread.vcxproj", "{54CD7E64-8CA2-4534-8094-0877CB890E99}"
	ProjectSection(ProjectDependencies) = postProject
		{4EC89764-8501-41FA-97DC-84566EA831A2} = {4EC89764-8501-41FA-97DC-84566EA831A2}
	EndProjectSection
EndProject
Project("{2150E333-8FDC-42A3-9474-1A3956D46DE8}") = "gstreamer", "gstreamer", "{B764364B-876E-47D4-A84D-FA1A49C31D81}"
EndProject
Project("{8BC9CEB8-8B4A-11D0-8D11-00A0C91BC942}") = "gst-libav", "gst_vs.vcxproj\gst-libav.vcxproj", "{D6426799-DF02-49E3-88C0-C67BE42C932A}"
EndProject
Project("{8BC9CEB8-8B4A-11D0-8D11-00A0C91BC942}") = "SDL2", "SDL2-2.0.3\VisualC\SDL\SDL_VS2013.vcxproj", "{81CE8DAF-EBB2-4761-8E45-B71ABCCA8C68}"
EndProject
Global
	GlobalSection(SolutionConfigurationPlatforms) = preSolution
		Debug|Win32 = Debug|Win32
		Debug|x64 = Debug|x64
		Release|Win32 = Release|Win32
		Release|x64 = Release|x64
	EndGlobalSection
	GlobalSection(ProjectConfigurationPlatforms) = postSolution
		{4EC89764-8501-41FA-97DC-84566EA831A2}.Debug|Win32.ActiveCfg = Debug|Win32
		{4EC89764-8501-41FA-97DC-84566EA831A2}.Debug|Win32.Build.0 = Debug|Win32
		{4EC89764-8501-41FA-97DC-84566EA831A2}.Debug|x64.ActiveCfg = Debug|Win32
		{4EC89764-8501-41FA-97DC-84566EA831A2}.Release|Win32.ActiveCfg = Release|Win32
		{4EC89764-8501-41FA-97DC-84566EA831A2}.Release|Win32.Build.0 = Release|Win32
		{4EC89764-8501-41FA-97DC-84566EA831A2}.Release|x64.ActiveCfg = Release|Win32
		{7CC9D74E-C7CF-4A60-8147-E2314A027F07}.Debug|Win32.ActiveCfg = Debug|Win32
		{7CC9D74E-C7CF-4A60-8147-E2314A027F07}.Debug|Win32.Build.0 = Debug|Win32
		{7CC9D74E-C7CF-4A60-8147-E2314A027F07}.Debug|x64.ActiveCfg = Debug|Win32
		{7CC9D74E-C7CF-4A60-8147-E2314A027F07}.Release|Win32.ActiveCfg = Release|Win32
		{7CC9D74E-C7CF-4A60-8147-E2314A027F07}.Release|Win32.Build.0 = Release|Win32
		{7CC9D74E-C7CF-4A60-8147-E2314A027F07}.Release|x64.ActiveCfg = Release|Win32
		{D9376B58-246D-42F6-A109-EEEAAEFCD359}.Debug|Win32.ActiveCfg = Debug|Win32
		{D9376B58-246D-42F6-A109-EEEAAEFCD359}.Debug|Win32.Build.0 = Debug|Win32
		{D9376B58-246D-42F6-A109-EEEAAEFCD359}.Debug|x64.ActiveCfg = Debug|Win32
		{D9376B58-246D-42F6-A109-EEEAAEFCD359}.Release|Win32.ActiveCfg = Release|Win32
		{D9376B58-246D-42F6-A109-EEEAAEFCD359}.Release|Win32.Build.0 = Release|Win32
		{D9376B58-246D-42F6-A109-EEEAAEFCD359}.Release|x64.ActiveCfg = Release|Win32
		{ED325D74-9C78-442B-85D9-3EAF2989662A}.Debug|Win32.ActiveCfg = Debug|Win32
		{ED325D74-9C78-442B-85D9-3EAF2989662A}.Debug|Win32.Build.0 = Debug|Win32
		{ED325D74-9C78-442B-85D9-3EAF2989662A}.Debug|x64.ActiveCfg = Debug|Win32
		{ED325D74-9C78-442B-85D9-3EAF2989662A}.Release|Win32.ActiveCfg = Release|Win32
		{ED325D74-9C78-442B-85D9-3EAF2989662A}.Release|Win32.Build.0 = Release|Win32
		{ED325D74-9C78-442B-85D9-3EAF2989662A}.Release|x64.ActiveCfg = Release|Win32
		{DC7F9539-7030-4582-9976-E26840919BFC}.Debug|Win32.ActiveCfg = Debug|Win32
		{DC7F9539-7030-4582-9976-E26840919BFC}.Debug|Win32.Build.0 = Debug|Win32
		{DC7F9539-7030-4582-9976-E26840919BFC}.Debug|x64.ActiveCfg = Debug|Win32
		{DC7F9539-7030-4582-9976-E26840919BFC}.Release|Win32.ActiveCfg = Release|Win32
		{DC7F9539-7030-4582-9976-E26840919BFC}.Release|Win32.Build.0 = Release|Win32
		{DC7F9539-7030-4582-9976-E26840919BFC}.Release|x64.ActiveCfg = Release|Win32
		{55640925-96DC-40C6-952E-C381C07B7AE8}.Debug|Win32.ActiveCfg = Debug|Win32
		{55640925-96DC-40C6-952E-C381C07B7AE8}.Debug|Win32.Build.0 = Debug|Win32
		{55640925-96DC-40C6-952E-C381C07B7AE8}.Debug|x64.ActiveCfg = Debug|Win32
		{55640925-96DC-40C6-952E-C381C07B7AE8}.Release|Win32.ActiveCfg = Release|Win32
		{55640925-96DC-40C6-952E-C381C07B7AE8}.Release|Win32.Build.0 = Release|Win32
		{55640925-96DC-40C6-952E-C381C07B7AE8}.Release|x64.ActiveCfg = Release|Win32
		{6A1ECA2D-9B28-45CC-A3AD-81399ED1365A}.Debug|Win32.ActiveCfg = Debug|Win32
		{6A1ECA2D-9B28-45CC-A3AD-81399ED1365A}.Debug|Win32.Build.0 = Debug|Win32
		{6A1ECA2D-9B28-45CC-A3AD-81399ED1365A}.Debug|x64.ActiveCfg = Debug|Win32
		{6A1ECA2D-9B28-45CC-A3AD-81399ED1365A}.Release|Win32.ActiveCfg = Release|Win32
		{6A1ECA2D-9B28-45CC-A3AD-81399ED1365A}.Release|Win32.Build.0 = Release|Win32
		{6A1ECA2D-9B28-45CC-A3AD-81399ED1365A}.Release|x64.ActiveCfg = Release|Win32
		{4558D6C7-C03B-4FA8-BF5B-1E40DCD6016D}.Debug|Win32.ActiveCfg = Debug|Win32
		{4558D6C7-C03B-4FA8-BF5B-1E40DCD6016D}.Debug|Win32.Build.0 = Debug|Win32
		{4558D6C7-C03B-4FA8-BF5B-1E40DCD6016D}.Debug|x64.ActiveCfg = Debug|Win32
		{4558D6C7-C03B-4FA8-BF5B-1E40DCD6016D}.Release|Win32.ActiveCfg = Release|Win32
		{4558D6C7-C03B-4FA8-BF5B-1E40DCD6016D}.Release|Win32.Build.0 = Release|Win32
		{4558D6C7-C03B-4FA8-BF5B-1E40DCD6016D}.Release|x64.ActiveCfg = Release|Win32
		{4E12C248-23D7-45D4-ACF9-3593EF7236BE}.Debug|Win32.ActiveCfg = Debug|Win32
		{4E12C248-23D7-45D4-ACF9-3593EF7236BE}.Debug|Win32.Build.0 = Debug|Win32
		{4E12C248-23D7-45D4-ACF9-3593EF7236BE}.Debug|x64.ActiveCfg = Debug|Win32
		{4E12C248-23D7-45D4-ACF9-3593EF7236BE}.Release|Win32.ActiveCfg = Release|Win32
		{4E12C248-23D7-45D4-ACF9-3593EF7236BE}.Release|Win32.Build.0 = Release|Win32
		{4E12C248-23D7-45D4-ACF9-3593EF7236BE}.Release|x64.ActiveCfg = Release|Win32
		{04BD6AE8-8E61-4F72-B0FA-5B0CD108335D}.Debug|Win32.ActiveCfg = Debug|Win32
		{04BD6AE8-8E61-4F72-B0FA-5B0CD108335D}.Debug|Win32.Build.0 = Debug|Win32
		{04BD6AE8-8E61-4F72-B0FA-5B0CD108335D}.Debug|x64.ActiveCfg = Debug|Win32
		{04BD6AE8-8E61-4F72-B0FA-5B0CD108335D}.Release|Win32.ActiveCfg = Release|Win32
		{04BD6AE8-8E61-4F72-B0FA-5B0CD108335D}.Release|Win32.Build.0 = Release|Win32
		{04BD6AE8-8E61-4F72-B0FA-5B0CD108335D}.Release|x64.ActiveCfg = Release|Win32
		{54CD7E64-8CA2-4534-8094-0877CB890E99}.Debug|Win32.ActiveCfg = Debug|Win32
		{54CD7E64-8CA2-4534-8094-0877CB890E99}.Debug|Win32.Build.0 = Debug|Win32
		{54CD7E64-8CA2-4534-8094-0877CB890E99}.Debug|x64.ActiveCfg = Debug|Win32
		{54CD7E64-8CA2-4534-8094-0877CB890E99}.Release|Win32.ActiveCfg = Release|Win32
		{54CD7E64-8CA2-4534-8094-0877CB890E99}.Release|Win32.Build.0 = Release|Win32
		{54CD7E64-8CA2-4534-8094-0877CB890E99}.Release|x64.ActiveCfg = Release|Win32
		{D6426799-DF02-49E3-88C0-C67BE42C932A}.Debug|Win32.ActiveCfg = Debug|Win32
		{D6426799-DF02-49E3-88C0-C67BE42C932A}.Debug|Win32.Build.0 = Debug|Win32
		{D6426799-DF02-49E3-88C0-C67BE42C932A}.Debug|x64.ActiveCfg = Debug|Win32
		{D6426799-DF02-49E3-88C0-C67BE42C932A}.Release|Win32.ActiveCfg = Release|Win32
		{D6426799-DF02-49E3-88C0-C67BE42C932A}.Release|Win32.Build.0 = Release|Win32
		{D6426799-DF02-49E3-88C0-C67BE42C932A}.Release|x64.ActiveCfg = Release|Win32
		{81CE8DAF-EBB2-4761-8E45-B71ABCCA8C68}.Debug|Win32.ActiveCfg = Debug|Win32
		{81CE8DAF-EBB2-4761-8E45-B71ABCCA8C68}.Debug|Win32.Build.0 = Debug|Win32
		{81CE8DAF-EBB2-4761-8E45-B71ABCCA8C68}.Debug|x64.ActiveCfg = Debug|x64
		{81CE8DAF-EBB2-4761-8E45-B71ABCCA8C68}.Debug|x64.Build.0 = Debug|x64
		{81CE8DAF-EBB2-4761-8E45-B71ABCCA8C68}.Release|Win32.ActiveCfg = Release|Win32
		{81CE8DAF-EBB2-4761-8E45-B71ABCCA8C68}.Release|Win32.Build.0 = Release|Win32
		{81CE8DAF-EBB2-4761-8E45-B71ABCCA8C68}.Release|x64.ActiveCfg = Release|x64
		{81CE8DAF-EBB2-4761-8E45-B71ABCCA8C68}.Release|x64.Build.0 = Release|x64
	EndGlobalSection
	GlobalSection(SolutionProperties) = preSolution
		HideSolutionNode = FALSE
	EndGlobalSection
	GlobalSection(NestedProjects) = preSolution
		{4EC89764-8501-41FA-97DC-84566EA831A2} = {CD9B1B2D-6EC6-4796-A583-968643A9E978}
		{4558D6C7-C03B-4FA8-BF5B-1E40DCD6016D} = {CD9B1B2D-6EC6-4796-A583-968643A9E978}
		{4E12C248-23D7-45D4-ACF9-3593EF7236BE} = {CD9B1B2D-6EC6-4796-A583-968643A9E978}
		{04BD6AE8-8E61-4F72-B0FA-5B0CD108335D} = {CD9B1B2D-6EC6-4796-A583-968643A9E978}
		{54CD7E64-8CA2-4534-8094-0877CB890E99} = {CD9B1B2D-6EC6-4796-A583-968643A9E978}
		{ED325D74-9C78-442B-85D9-3EAF2989662A} = {B764364B-876E-47D4-A84D-FA1A49C31D81}
		{D6426799-DF02-49E3-88C0-C67BE42C932A} = {B764364B-876E-47D4-A84D-FA1A49C31D81}
	EndGlobalSection
EndGlobal
